
Microsoft Visual Studio Solution File, Format Version 12.00
# Visual Studio Version 17
VisualStudioVersion = 17.8.34511.84
MinimumVisualStudioVersion = 10.0.40219.1
Project("{FAE04EC0-301F-11D3-BF4B-00C04F79EFBC}") = "IntegrationTask", "IntegrationTask\IntegrationTask.csproj", "{95CB95B1-7E68-41D6-B5C4-513FB5DDBE69}"
EndProject
Project("{FAE04EC0-301F-11D3-BF4B-00C04F79EFBC}") = "IntergrationCommon", "IntergrationCommon\IntergrationCommon.csproj", "{18AA919B-E977-49E9-8F7C-2A44A5A491EF}"
EndProject
Project("{FAE04EC0-301F-11D3-BF4B-00C04F79EFBC}") = "AuthorService", "AuthorService\AuthorService.csproj", "{2B1575EF-0AB6-4AA3-B844-DDBEA962AFE6}"
EndProject
Project("{FAE04EC0-301F-11D3-BF4B-00C04F79EFBC}") = "BookService", "BookService\BookService.csproj", "{AF9CFBF9-121D-4341-A6D9-8F3B6323EAB7}"
EndProject
Global
	GlobalSection(SolutionConfigurationPlatforms) = preSolution
		Debug|Any CPU = Debug|Any CPU
		Release|Any CPU = Release|Any CPU
	EndGlobalSection
	GlobalSection(ProjectConfigurationPlatforms) = postSolution
		{95CB95B1-7E68-41D6-B5C4-513FB5DDBE69}.Debug|Any CPU.ActiveCfg = Debug|Any CPU
		{95CB95B1-7E68-41D6-B5C4-513FB5DDBE69}.Debug|Any CPU.Build.0 = Debug|Any CPU
		{95CB95B1-7E68-41D6-B5C4-513FB5DDBE69}.Release|Any CPU.ActiveCfg = Release|Any CPU
		{95CB95B1-7E68-41D6-B5C4-513FB5DDBE69}.Release|Any CPU.Build.0 = Release|Any CPU
		{18AA919B-E977-49E9-8F7C-2A44A5A491EF}.Debug|Any CPU.ActiveCfg = Debug|Any CPU
		{18AA919B-E977-49E9-8F7C-2A44A5A491EF}.Debug|Any CPU.Build.0 = Debug|Any CPU
		{18AA919B-E977-49E9-8F7C-2A44A5A491EF}.Release|Any CPU.ActiveCfg = Release|Any CPU
		{18AA919B-E977-49E9-8F7C-2A44A5A491EF}.Release|Any CPU.Build.0 = Release|Any CPU
		{2B1575EF-0AB6-4AA3-B844-DDBEA962AFE6}.Debug|Any CPU.ActiveCfg = Debug|Any CPU
		{2B1575EF-0AB6-4AA3-B844-DDBEA962AFE6}.Debug|Any CPU.Build.0 = Debug|Any CPU
		{2B1575EF-0AB6-4AA3-B844-DDBEA962AFE6}.Release|Any CPU.ActiveCfg = Release|Any CPU
		{2B1575EF-0AB6-4AA3-B844-DDBEA962AFE6}.Release|Any CPU.Build.0 = Release|Any CPU
		{AF9CFBF9-121D-4341-A6D9-8F3B6323EAB7}.Debug|Any CPU.ActiveCfg = Debug|Any CPU
		{AF9CFBF9-121D-4341-A6D9-8F3B6323EAB7}.Debug|Any CPU.Build.0 = Debug|Any CPU
		{AF9CFBF9-121D-4341-A6D9-8F3B6323EAB7}.Release|Any CPU.ActiveCfg = Release|Any CPU
		{AF9CFBF9-121D-4341-A6D9-8F3B6323EAB7}.Release|Any CPU.Build.0 = Release|Any CPU
	EndGlobalSection
	GlobalSection(SolutionProperties) = preSolution
		HideSolutionNode = FALSE
	EndGlobalSection
	GlobalSection(ExtensibilityGlobals) = postSolution
		SolutionGuid = {EE60005F-74F6-48BB-A19F-CB433FC44078}
	EndGlobalSection
EndGlobal
